
Microsoft Visual Studio Solution File, Format Version 12.00
# Visual Studio 15
VisualStudioVersion = 15.0.27703.2047
MinimumVisualStudioVersion = 10.0.40219.1
Project("{FAE04EC0-301F-11D3-BF4B-00C04F79EFBC}") = "UnitTests", "UnitTests\UnitTests.csproj", "{0F9D4F68-6205-4B01-BFF8-1023512F9F4A}"
EndProject
Project("{FAE04EC0-301F-11D3-BF4B-00C04F79EFBC}") = "TestApplication", "TestApplication\TestApplication.csproj", "{DC6EEC65-4EC2-4E5F-84D6-C84D5EF72DBD}"
EndProject
Project("{FAE04EC0-301F-11D3-BF4B-00C04F79EFBC}") = "FluentScheduler", "FluentScheduler\FluentScheduler.csproj", "{C8BFA277-D096-483E-8631-52D4001CE2B5}"
EndProject
Global
	GlobalSection(SolutionConfigurationPlatforms) = preSolution
		Debug|Any CPU = Debug|Any CPU
		Release|Any CPU = Release|Any CPU
	EndGlobalSection
	GlobalSection(ProjectConfigurationPlatforms) = postSolution
		{0F9D4F68-6205-4B01-BFF8-1023512F9F4A}.Debug|Any CPU.ActiveCfg = Debug|Any CPU
		{0F9D4F68-6205-4B01-BFF8-1023512F9F4A}.Debug|Any CPU.Build.0 = Debug|Any CPU
		{0F9D4F68-6205-4B01-BFF8-1023512F9F4A}.Release|Any CPU.ActiveCfg = Release|Any CPU
		{0F9D4F68-6205-4B01-BFF8-1023512F9F4A}.Release|Any CPU.Build.0 = Release|Any CPU
		{DC6EEC65-4EC2-4E5F-84D6-C84D5EF72DBD}.Debug|Any CPU.ActiveCfg = Debug|Any CPU
		{DC6EEC65-4EC2-4E5F-84D6-C84D5EF72DBD}.Debug|Any CPU.Build.0 = Debug|Any CPU
		{DC6EEC65-4EC2-4E5F-84D6-C84D5EF72DBD}.Release|Any CPU.ActiveCfg = Release|Any CPU
		{DC6EEC65-4EC2-4E5F-84D6-C84D5EF72DBD}.Release|Any CPU.Build.0 = Release|Any CPU
		{C8BFA277-D096-483E-8631-52D4001CE2B5}.Debug|Any CPU.ActiveCfg = Debug|Any CPU
		{C8BFA277-D096-483E-8631-52D4001CE2B5}.Debug|Any CPU.Build.0 = Debug|Any CPU
		{C8BFA277-D096-483E-8631-52D4001CE2B5}.Release|Any CPU.ActiveCfg = Release|Any CPU
		{C8BFA277-D096-483E-8631-52D4001CE2B5}.Release|Any CPU.Build.0 = Release|Any CPU
	EndGlobalSection
	GlobalSection(SolutionProperties) = preSolution
		HideSolutionNode = FALSE
	EndGlobalSection
	GlobalSection(ExtensibilityGlobals) = postSolution
		SolutionGuid = {B3914B3D-ACB6-4940-91B4-18C361467EA0}
	EndGlobalSection
EndGlobal
